%{"abnfc": {:git, "git://github.com/heroku/abnfc.git", "856c77cce8f0dd66bfe95f3ec4041f9f59b742bb", [branch: "master"]},
  "bear": {:git, "git://github.com/boundary/bear.git", "119234548783af19b8ec75c879c5062676b92571", [tag: "0.8.2"]},
  "certifi": {:hex, :certifi, "0.3.0"},
  "cowboy": {:hex, :cowboy, "1.0.3"},
  "cowlib": {:hex, :cowlib, "1.0.1"},
  "dnssd": {:git, "https://github.com/benoitc/dnssd_erlang.git", "9b2fdb7ff9618102d82f04e4c68ce191c9aa15ba", [branch: "master"]},
  "edown": {:git, "https://github.com/uwiger/edown.git", "c770057f72d2163c718b26e49c572aefe0798ca9", [branch: "master"]},
  "ex_uri": {:git, "https://github.com/heroku/ex_uri.git", "16f26db7026493d2934f615f8884fad42675f00e", [branch: "master"]},
  "exometer_core": {:git, "https://github.com/Feuerlabs/exometer_core.git", "7f2f871de9c773b025232e9546a8a5eca2c34cc2", [branch: "master"]},
  "ezmq": {:git, "https://github.com/RoadRunnr/ezmq.git", "a77378f0cb716b5293be6f69bdc99ed137a509c4", [branch: "fix-socket-crash"]},
  "folsom": {:git, "git://github.com/boundary/folsom", "38e2cce7c64ce1f0a3a918d90394cfc0a940b1ba", [tag: "0.8.2"]},
  "gen_listener_tcp": {:git, "https://github.com/travelping/gen_listener_tcp.git", "3690477d108c7521f84a9af625ba73e525b989d6", [branch: "master"]},
  "goldrush": {:git, "https://github.com/DeadZen/goldrush.git", "71e63212f12c25827e0c1b4198d37d5d018a7fec", [tag: "0.1.6"]},
  "hackney": {:hex, :hackney, "1.4.8"},
  "idna": {:hex, :idna, "1.0.3"},
  "jsx": {:hex, :jsx, "2.6.2"},
  "lager": {:hex, :lager, "2.1.1"},
  "meck": {:hex, :meck, "0.8.3"},
  "mimerl": {:hex, :mimerl, "1.0.2"},
  "msgpack": {:git, "https://github.com/msgpack/msgpack-erlang.git", "e84e60dbfff3472f93205415b63e4787bc293d3e", [tag: "0.3.4"]},
  "parse_trans": {:git, "git://github.com/uwiger/parse_trans.git", "a210adafdfbb904d156d8f22abd5fb58fc17de1e", [tag: "2.9.2"]},
  "ranch": {:hex, :ranch, "1.1.0"},
  "setup": {:git, "git://github.com/uwiger/setup.git", "85447ca5eb671db0517a475791ac7fb3604bf44d", [tag: "1.5"]},
  "ssl_verify_hostname": {:hex, :ssl_verify_hostname, "1.0.5"},
  "yang": {:git, "https://github.com/travelping/yang.git", "922128924e7e62115ea7b36d8064b524e27e6615", [branch: "master"]}}
