%{"abnfc": {:git, "git://github.com/heroku/abnfc.git", "856c77cce8f0dd66bfe95f3ec4041f9f59b742bb", [branch: "master"]},
  "cowboy": {:hex, :cowboy, "1.0.2"},
  "cowlib": {:hex, :cowlib, "1.0.1"},
  "dnssd": {:git, "git://github.com/benoitc/dnssd_erlang.git", "d5862da78b2de281c3d8b537266c134decc65d76", [branch: "master"]},
  "ex_uri": {:git, "git://github.com/heroku/ex_uri.git", "16f26db7026493d2934f615f8884fad42675f00e", [branch: "master"]},
  "ezmq": {:git, "git://github.com/RoadRunnr/ezmq.git", "a77378f0cb716b5293be6f69bdc99ed137a509c4", [branch: "fix-socket-crash"]},
  "gen_listener_tcp": {:git, "https://github.com/travelping/gen_listener_tcp.git", "fb9626d172b09e6448d36f23e6055adf75189bfe", [branch: "master"]},
  "goldrush": {:hex, :goldrush, "0.1.6"},
  "hackney": {:hex, :hackney, "1.1.0"},
  "ibrowse": {:git, "git://github.com/cmullaparthi/ibrowse.git", "5ee4a806611fcf25cc74155871571e9983a0d0fc", [branch: "master"]},
  "idna": {:hex, :idna, "1.0.2"},
  "jsx": {:hex, :jsx, "2.6.2"},
  "lager": {:hex, :lager, "2.1.1"},
  "meck": {:hex, :meck, "0.8.2"},
  "msgpack": {:git, "git://github.com/msgpack/msgpack-erlang.git", "e84e60dbfff3472f93205415b63e4787bc293d3e", [branch: "master"]},
  "ranch": {:hex, :ranch, "1.1.0"},
  "ssl_verify_hostname": {:hex, :ssl_verify_hostname, "1.0.5"},
  "yang": {:git, "git://github.com/travelping/yang.git", "099b3224ce4d75574bb92a339ced3aa77b7766e0", [branch: "master"]}}
