%{"abnfc": {:git, "git://github.com/heroku/abnfc.git", "856c77cce8f0dd66bfe95f3ec4041f9f59b742bb", [branch: "master"]},
  "bear": {:git, "git://github.com/boundary/bear.git", "119234548783af19b8ec75c879c5062676b92571", [tag: "0.8.2"]},
  "certifi": {:hex, :certifi, "0.3.0", "389d4b126a47895fe96d65fcf8681f4d09eca1153dc2243ed6babad0aac1e763", [:rebar3], []},
  "cowboy": {:hex, :cowboy, "1.0.3", "101a5f826ce9a1ebb2ea53a2cdfffc74736e99807e9e492ecd5f26544c04082b", [:rebar, :make], [{:cowlib, "~> 1.0.0", [hex: :cowlib, optional: false]}, {:ranch, "~> 1.0", [hex: :ranch, optional: false]}]},
  "cowlib": {:hex, :cowlib, "1.0.1", "175a633c472058bbeb1b238a6409766a48b52b43b7b687ed70f03cf6e854b7d9", [:make], []},
  "dnssd": {:git, "https://github.com/benoitc/dnssd_erlang.git", "9b2fdb7ff9618102d82f04e4c68ce191c9aa15ba", [branch: "master"]},
  "edown": {:git, "https://github.com/uwiger/edown.git", "c770057f72d2163c718b26e49c572aefe0798ca9", [branch: "master"]},
  "ex_uri": {:git, "https://github.com/heroku/ex_uri.git", "16f26db7026493d2934f615f8884fad42675f00e", [branch: "master"]},
  "exometer_core": {:git, "https://github.com/Feuerlabs/exometer_core.git", "7f2f871de9c773b025232e9546a8a5eca2c34cc2", [ref: "5fdd9426713a3c26cae32f644a3120711b1cdb64"]},
  "ezmq": {:git, "https://github.com/RoadRunnr/ezmq.git", "a77378f0cb716b5293be6f69bdc99ed137a509c4", [branch: "fix-socket-crash"]},
  "folsom": {:git, "git://github.com/boundary/folsom", "38e2cce7c64ce1f0a3a918d90394cfc0a940b1ba", [tag: "0.8.2"]},
  "gen_listener_tcp": {:git, "https://github.com/travelping/gen_listener_tcp.git", "3690477d108c7521f84a9af625ba73e525b989d6", [branch: "master"]},
  "goldrush": {:git, "https://github.com/DeadZen/goldrush.git", "71e63212f12c25827e0c1b4198d37d5d018a7fec", [tag: "0.1.6"]},
  "hackney": {:hex, :hackney, "1.4.8", "c8c6977ed55cc5095e3929f6d94a6f732dd2e31ae42a7b9236d5574ec3f5be13", [:rebar3], [{:ssl_verify_hostname, "1.0.5", [hex: :ssl_verify_hostname, optional: false]}, {:mimerl, "1.0.2", [hex: :mimerl, optional: false]}, {:idna, "1.0.3", [hex: :idna, optional: false]}, {:certifi, "0.3.0", [hex: :certifi, optional: false]}]},
  "idna": {:hex, :idna, "1.0.3", "d456a8761cad91c97e9788c27002eb3b773adaf5c893275fc35ba4e3434bbd9b", [:rebar3], []},
  "jsx": {:hex, :jsx, "2.6.2", "213721e058da0587a4bce3cc8a00ff6684ced229c8f9223245c6ff2c88fbaa5a", [:mix, :rebar], []},
  "lager": {:hex, :lager, "2.1.1", "8e389f916384abf5f62169969bd7515c4c252cbbda53feebbef90f47db5eaad1", [:make, :rebar], [{:goldrush, "~> 0.1.6", [hex: :goldrush, optional: false]}]},
  "meck": {:hex, :meck, "0.8.3", "4628a1334c69610c5bd558b04dc78d723d8ec5445c123856de34c77f462b5ee5", [:rebar], []},
  "mimerl": {:hex, :mimerl, "1.0.2", "993f9b0e084083405ed8252b99460c4f0563e41729ab42d9074fd5e52439be88", [:rebar3], []},
  "msgpack": {:git, "https://github.com/msgpack/msgpack-erlang.git", "e84e60dbfff3472f93205415b63e4787bc293d3e", [tag: "0.3.4"]},
  "parse_trans": {:git, "git://github.com/uwiger/parse_trans.git", "a210adafdfbb904d156d8f22abd5fb58fc17de1e", [tag: "2.9.2"]},
  "ranch": {:hex, :ranch, "1.1.0", "f7ed6d97db8c2a27cca85cacbd543558001fc5a355e93a7bff1e9a9065a8545b", [:make], []},
  "setup": {:git, "git://github.com/uwiger/setup.git", "85447ca5eb671db0517a475791ac7fb3604bf44d", [tag: "1.5"]},
  "ssl_verify_hostname": {:hex, :ssl_verify_hostname, "1.0.5", "2e73e068cd6393526f9fa6d399353d7c9477d6886ba005f323b592d389fb47be", [:make], []},
  "yang": {:git, "https://github.com/travelping/yang.git", "922128924e7e62115ea7b36d8064b524e27e6615", [branch: "master"]}}
