[{<<"cowboy">>,{pkg,<<"cowboy">>,<<"1.0.2">>},0},
 {<<"idna">>,{pkg,<<"idna">>,<<"1.0.2">>},1},
 {<<"cowlib">>,{pkg,<<"cowlib">>,<<"1.0.1">>},1},
 {<<"ssl_verify_hostname">>,{pkg,<<"ssl_verify_hostname">>,<<"1.0.5">>},1},
 {<<"meck">>,{pkg,<<"meck">>,<<"0.8.3">>},0},
 {<<"jsx">>,{pkg,<<"jsx">>,<<"2.6.2">>},0},
 {<<"ranch">>,{pkg,<<"ranch">>,<<"1.1.0">>},1},
 {<<"hackney">>,{pkg,<<"hackney">>,<<"1.1.0">>},0},
 {<<"goldrush">>,
  {git,"git://github.com/DeadZen/goldrush.git",
       {ref,"71e63212f12c25827e0c1b4198d37d5d018a7fec"}},
  2},
 {<<"lager">>,
  {git,"https://github.com/basho/lager.git",
       {ref,"d33ccf3b69de09a628fe38b4d7981bb8671b8a4f"}},
  1},
 {<<"gen_listener_tcp">>,
  {git,"https://github.com/travelping/gen_listener_tcp.git",
       {ref,"fb9626d172b09e6448d36f23e6055adf75189bfe"}},
  1},
 {<<"abnfc">>,
  {git,"git://github.com/heroku/abnfc.git",
       {ref,"856c77cce8f0dd66bfe95f3ec4041f9f59b742bb"}},
  1},
 {<<"yang">>,
  {git,"git://github.com/travelping/yang.git",
       {ref,"099b3224ce4d75574bb92a339ced3aa77b7766e0"}},
  0},
 {<<"msgpack">>,
  {git,"git://github.com/msgpack/msgpack-erlang.git",
       {ref,"e84e60dbfff3472f93205415b63e4787bc293d3e"}},
  0},
 {<<"ezmq">>,
  {git,"git://github.com/RoadRunnr/ezmq.git",
       {ref,"a77378f0cb716b5293be6f69bdc99ed137a509c4"}},
  0},
 {<<"ex_uri">>,
  {git,"git://github.com/heroku/ex_uri.git",
       {ref,"16f26db7026493d2934f615f8884fad42675f00e"}},
  0},
 {<<"dnssd">>,
  {git,"git://github.com/benoitc/dnssd_erlang.git",
       {ref,"d5862da78b2de281c3d8b537266c134decc65d76"}},
  0}].
